// !$*UTF8*$!
{
	archiveVersion = 1;
	classes = {
	};
	objectVersion = 56;
	objects = {

/* Begin PBXBuildFile section */
		2DAC16732A285E4900DC5812 /* AppDelegate.swift in Sources */ = {isa = PBXBuildFile; fileRef = 2DAC16722A285E4900DC5812 /* AppDelegate.swift */; };
		2DAC16752A285E4900DC5812 /* SceneDelegate.swift in Sources */ = {isa = PBXBuildFile; fileRef = 2DAC16742A285E4900DC5812 /* SceneDelegate.swift */; };
		2DAC167A2A285E4900DC5812 /* Main.storyboard in Resources */ = {isa = PBXBuildFile; fileRef = 2DAC16782A285E4900DC5812 /* Main.storyboard */; };
		2DAC167C2A285E4B00DC5812 /* Assets.xcassets in Resources */ = {isa = PBXBuildFile; fileRef = 2DAC167B2A285E4B00DC5812 /* Assets.xcassets */; };
		2DAC167F2A285E4B00DC5812 /* LaunchScreen.storyboard in Resources */ = {isa = PBXBuildFile; fileRef = 2DAC167D2A285E4B00DC5812 /* LaunchScreen.storyboard */; };
		2DAC16872A285E9F00DC5812 /* ArticleTableViewCell.swift in Sources */ = {isa = PBXBuildFile; fileRef = 2DAC16862A285E9F00DC5812 /* ArticleTableViewCell.swift */; };
		2DAC16892A285EB500DC5812 /* ArticleListViewModel.swift in Sources */ = {isa = PBXBuildFile; fileRef = 2DAC16882A285EB500DC5812 /* ArticleListViewModel.swift */; };
		2DAC168B2A285EBD00DC5812 /* Article.swift in Sources */ = {isa = PBXBuildFile; fileRef = 2DAC168A2A285EBD00DC5812 /* Article.swift */; };
		2DAC168D2A285ECA00DC5812 /* WebService.swift in Sources */ = {isa = PBXBuildFile; fileRef = 2DAC168C2A285ECA00DC5812 /* WebService.swift */; };
		2DAC16912A28690B00DC5812 /* NewsListTableViewController.swift in Sources */ = {isa = PBXBuildFile; fileRef = 2DAC16902A28690B00DC5812 /* NewsListTableViewController.swift */; };
/* End PBXBuildFile section */

/* Begin PBXFileReference section */
		2DAC166F2A285E4900DC5812 /* MVVMexample03.app */ = {isa = PBXFileReference; explicitFileType = wrapper.application; includeInIndex = 0; path = MVVMexample03.app; sourceTree = BUILT_PRODUCTS_DIR; };
		2DAC16722A285E4900DC5812 /* AppDelegate.swift */ = {isa = PBXFileReference; lastKnownFileType = sourcecode.swift; path = AppDelegate.swift; sourceTree = "<group>"; };
		2DAC16742A285E4900DC5812 /* SceneDelegate.swift */ = {isa = PBXFileReference; lastKnownFileType = sourcecode.swift; path = SceneDelegate.swift; sourceTree = "<group>"; };
		2DAC16792A285E4900DC5812 /* Base */ = {isa = PBXFileReference; lastKnownFileType = file.storyboard; name = Base; path = Base.lproj/Main.storyboard; sourceTree = "<group>"; };
		2DAC167B2A285E4B00DC5812 /* Assets.xcassets */ = {isa = PBXFileReference; lastKnownFileType = folder.assetcatalog; path = Assets.xcassets; sourceTree = "<group>"; };
		2DAC167E2A285E4B00DC5812 /* Base */ = {isa = PBXFileReference; lastKnownFileType = file.storyboard; name = Base; path = Base.lproj/LaunchScreen.storyboard; sourceTree = "<group>"; };
		2DAC16802A285E4B00DC5812 /* Info.plist */ = {isa = PBXFileReference; lastKnownFileType = text.plist.xml; path = Info.plist; sourceTree = "<group>"; };
		2DAC16862A285E9F00DC5812 /* ArticleTableViewCell.swift */ = {isa = PBXFileReference; lastKnownFileType = sourcecode.swift; path = ArticleTableViewCell.swift; sourceTree = "<group>"; };
		2DAC16882A285EB500DC5812 /* ArticleListViewModel.swift */ = {isa = PBXFileReference; lastKnownFileType = sourcecode.swift; path = ArticleListViewModel.swift; sourceTree = "<group>"; };
		2DAC168A2A285EBD00DC5812 /* Article.swift */ = {isa = PBXFileReference; lastKnownFileType = sourcecode.swift; path = Article.swift; sourceTree = "<group>"; };
		2DAC168C2A285ECA00DC5812 /* WebService.swift */ = {isa = PBXFileReference; lastKnownFileType = sourcecode.swift; path = WebService.swift; sourceTree = "<group>"; };
		2DAC16902A28690B00DC5812 /* NewsListTableViewController.swift */ = {isa = PBXFileReference; lastKnownFileType = sourcecode.swift; path = NewsListTableViewController.swift; sourceTree = "<group>"; };
/* End PBXFileReference section */

/* Begin PBXFrameworksBuildPhase section */
		2DAC166C2A285E4900DC5812 /* Frameworks */ = {
			isa = PBXFrameworksBuildPhase;
			buildActionMask = 2147483647;
			files = (
			);
			runOnlyForDeploymentPostprocessing = 0;
		};
/* End PBXFrameworksBuildPhase section */

/* Begin PBXGroup section */
		2DAC16662A285E4900DC5812 = {
			isa = PBXGroup;
			children = (
				2DAC16712A285E4900DC5812 /* MVVMexample03 */,
				2DAC16702A285E4900DC5812 /* Products */,
			);
			sourceTree = "<group>";
		};
		2DAC16702A285E4900DC5812 /* Products */ = {
			isa = PBXGroup;
			children = (
				2DAC166F2A285E4900DC5812 /* MVVMexample03.app */,
			);
			name = Products;
			sourceTree = "<group>";
		};
		2DAC16712A285E4900DC5812 /* MVVMexample03 */ = {
			isa = PBXGroup;
			children = (
				2DAC16962A288E7F00DC5812 /* Controllers */,
				2DAC16952A288E7100DC5812 /* Services */,
				2DAC16942A288E6400DC5812 /* Models */,
				2DAC16932A288E5300DC5812 /* ViewModels */,
				2DAC16922A288E4500DC5812 /* cells */,
				2DAC16722A285E4900DC5812 /* AppDelegate.swift */,
				2DAC16742A285E4900DC5812 /* SceneDelegate.swift */,
				2DAC16782A285E4900DC5812 /* Main.storyboard */,
				2DAC167B2A285E4B00DC5812 /* Assets.xcassets */,
				2DAC167D2A285E4B00DC5812 /* LaunchScreen.storyboard */,
				2DAC16802A285E4B00DC5812 /* Info.plist */,
			);
			path = MVVMexample03;
			sourceTree = "<group>";
		};
		2DAC16922A288E4500DC5812 /* cells */ = {
			isa = PBXGroup;
			children = (
				2DAC16862A285E9F00DC5812 /* ArticleTableViewCell.swift */,
			);
			path = cells;
			sourceTree = "<group>";
		};
		2DAC16932A288E5300DC5812 /* ViewModels */ = {
			isa = PBXGroup;
			children = (
				2DAC16882A285EB500DC5812 /* ArticleListViewModel.swift */,
			);
			path = ViewModels;
			sourceTree = "<group>";
		};
		2DAC16942A288E6400DC5812 /* Models */ = {
			isa = PBXGroup;
			children = (
				2DAC168A2A285EBD00DC5812 /* Article.swift */,
			);
			path = Models;
			sourceTree = "<group>";
		};
		2DAC16952A288E7100DC5812 /* Services */ = {
			isa = PBXGroup;
			children = (
				2DAC168C2A285ECA00DC5812 /* WebService.swift */,
			);
			path = Services;
			sourceTree = "<group>";
		};
		2DAC16962A288E7F00DC5812 /* Controllers */ = {
			isa = PBXGroup;
			children = (
				2DAC16902A28690B00DC5812 /* NewsListTableViewController.swift */,
			);
			path = Controllers;
			sourceTree = "<group>";
		};
/* End PBXGroup section */

/* Begin PBXNativeTarget section */
		2DAC166E2A285E4900DC5812 /* MVVMexample03 */ = {
			isa = PBXNativeTarget;
			buildConfigurationList = 2DAC16832A285E4B00DC5812 /* Build configuration list for PBXNativeTarget "MVVMexample03" */;
			buildPhases = (
				2DAC166B2A285E4900DC5812 /* Sources */,
				2DAC166C2A285E4900DC5812 /* Frameworks */,
				2DAC166D2A285E4900DC5812 /* Resources */,
			);
			buildRules = (
			);
			dependencies = (
			);
			name = MVVMexample03;
			productName = MVVMexample03;
			productReference = 2DAC166F2A285E4900DC5812 /* MVVMexample03.app */;
			productType = "com.apple.product-type.application";
		};
/* End PBXNativeTarget section */

/* Begin PBXProject section */
		2DAC16672A285E4900DC5812 /* Project object */ = {
			isa = PBXProject;
			attributes = {
				BuildIndependentTargetsInParallel = 1;
				LastSwiftUpdateCheck = 1430;
				LastUpgradeCheck = 1430;
				TargetAttributes = {
					2DAC166E2A285E4900DC5812 = {
						CreatedOnToolsVersion = 14.3;
					};
				};
			};
			buildConfigurationList = 2DAC166A2A285E4900DC5812 /* Build configuration list for PBXProject "MVVMexample03" */;
			compatibilityVersion = "Xcode 14.0";
			developmentRegion = en;
			hasScannedForEncodings = 0;
			knownRegions = (
				en,
				Base,
			);
			mainGroup = 2DAC16662A285E4900DC5812;
			productRefGroup = 2DAC16702A285E4900DC5812 /* Products */;
			projectDirPath = "";
			projectRoot = "";
			targets = (
				2DAC166E2A285E4900DC5812 /* MVVMexample03 */,
			);
		};
/* End PBXProject section */

/* Begin PBXResourcesBuildPhase section */
		2DAC166D2A285E4900DC5812 /* Resources */ = {
			isa = PBXResourcesBuildPhase;
			buildActionMask = 2147483647;
			files = (
				2DAC167F2A285E4B00DC5812 /* LaunchScreen.storyboard in Resources */,
				2DAC167C2A285E4B00DC5812 /* Assets.xcassets in Resources */,
				2DAC167A2A285E4900DC5812 /* Main.storyboard in Resources */,
			);
			runOnlyForDeploymentPostprocessing = 0;
		};
/* End PBXResourcesBuildPhase section */

/* Begin PBXSourcesBuildPhase section */
		2DAC166B2A285E4900DC5812 /* Sources */ = {
			isa = PBXSourcesBuildPhase;
			buildActionMask = 2147483647;
			files = (
				2DAC16872A285E9F00DC5812 /* ArticleTableViewCell.swift in Sources */,
				2DAC168D2A285ECA00DC5812 /* WebService.swift in Sources */,
				2DAC168B2A285EBD00DC5812 /* Article.swift in Sources */,
				2DAC16912A28690B00DC5812 /* NewsListTableViewController.swift in Sources */,
				2DAC16732A285E4900DC5812 /* AppDelegate.swift in Sources */,
				2DAC16752A285E4900DC5812 /* SceneDelegate.swift in Sources */,
				2DAC16892A285EB500DC5812 /* ArticleListViewModel.swift in Sources */,
			);
			runOnlyForDeploymentPostprocessing = 0;
		};
/* End PBXSourcesBuildPhase section */

/* Begin PBXVariantGroup section */
		2DAC16782A285E4900DC5812 /* Main.storyboard */ = {
			isa = PBXVariantGroup;
			children = (
				2DAC16792A285E4900DC5812 /* Base */,
			);
			name = Main.storyboard;
			sourceTree = "<group>";
		};
		2DAC167D2A285E4B00DC5812 /* LaunchScreen.storyboard */ = {
			isa = PBXVariantGroup;
			children = (
				2DAC167E2A285E4B00DC5812 /* Base */,
			);
			name = LaunchScreen.storyboard;
			sourceTree = "<group>";
		};
/* End PBXVariantGroup section */

/* Begin XCBuildConfiguration section */
		2DAC16812A285E4B00DC5812 /* Debug */ = {
			isa = XCBuildConfiguration;
			buildSettings = {
				ALWAYS_SEARCH_USER_PATHS = NO;
				CLANG_ANALYZER_NONNULL = YES;
				CLANG_ANALYZER_NUMBER_OBJECT_CONVERSION = YES_AGGRESSIVE;
				CLANG_CXX_LANGUAGE_STANDARD = "gnu++20";
				CLANG_ENABLE_MODULES = YES;
				CLANG_ENABLE_OBJC_ARC = YES;
				CLANG_ENABLE_OBJC_WEAK = YES;
				CLANG_WARN_BLOCK_CAPTURE_AUTORELEASING = YES;
				CLANG_WARN_BOOL_CONVERSION = YES;
				CLANG_WARN_COMMA = YES;
				CLANG_WARN_CONSTANT_CONVERSION = YES;
				CLANG_WARN_DEPRECATED_OBJC_IMPLEMENTATIONS = YES;
				CLANG_WARN_DIRECT_OBJC_ISA_USAGE = YES_ERROR;
				CLANG_WARN_DOCUMENTATION_COMMENTS = YES;
				CLANG_WARN_EMPTY_BODY = YES;
				CLANG_WARN_ENUM_CONVERSION = YES;
				CLANG_WARN_INFINITE_RECURSION = YES;
				CLANG_WARN_INT_CONVERSION = YES;
				CLANG_WARN_NON_LITERAL_NULL_CONVERSION = YES;
				CLANG_WARN_OBJC_IMPLICIT_RETAIN_SELF = YES;
				CLANG_WARN_OBJC_LITERAL_CONVERSION = YES;
				CLANG_WARN_OBJC_ROOT_CLASS = YES_ERROR;
				CLANG_WARN_QUOTED_INCLUDE_IN_FRAMEWORK_HEADER = YES;
				CLANG_WARN_RANGE_LOOP_ANALYSIS = YES;
				CLANG_WARN_STRICT_PROTOTYPES = YES;
				CLANG_WARN_SUSPICIOUS_MOVE = YES;
				CLANG_WARN_UNGUARDED_AVAILABILITY = YES_AGGRESSIVE;
				CLANG_WARN_UNREACHABLE_CODE = YES;
				CLANG_WARN__DUPLICATE_METHOD_MATCH = YES;
				COPY_PHASE_STRIP = NO;
				DEBUG_INFORMATION_FORMAT = dwarf;
				ENABLE_STRICT_OBJC_MSGSEND = YES;
				ENABLE_TESTABILITY = YES;
				GCC_C_LANGUAGE_STANDARD = gnu11;
				GCC_DYNAMIC_NO_PIC = NO;
				GCC_NO_COMMON_BLOCKS = YES;
				GCC_OPTIMIZATION_LEVEL = 0;
				GCC_PREPROCESSOR_DEFINITIONS = (
					"DEBUG=1",
					"$(inherited)",
				);
				GCC_WARN_64_TO_32_BIT_CONVERSION = YES;
				GCC_WARN_ABOUT_RETURN_TYPE = YES_ERROR;
				GCC_WARN_UNDECLARED_SELECTOR = YES;
				GCC_WARN_UNINITIALIZED_AUTOS = YES_AGGRESSIVE;
				GCC_WARN_UNUSED_FUNCTION = YES;
				GCC_WARN_UNUSED_VARIABLE = YES;
				IPHONEOS_DEPLOYMENT_TARGET = 16.4;
				MTL_ENABLE_DEBUG_INFO = INCLUDE_SOURCE;
				MTL_FAST_MATH = YES;
				ONLY_ACTIVE_ARCH = YES;
				SDKROOT = iphoneos;
				SWIFT_ACTIVE_COMPILATION_CONDITIONS = DEBUG;
				SWIFT_OPTIMIZATION_LEVEL = "-Onone";
			};
			name = Debug;
		};
		2DAC16822A285E4B00DC5812 /* Release */ = {
			isa = XCBuildConfiguration;
			buildSettings = {
				ALWAYS_SEARCH_USER_PATHS = NO;
				CLANG_ANALYZER_NONNULL = YES;
				CLANG_ANALYZER_NUMBER_OBJECT_CONVERSION = YES_AGGRESSIVE;
				CLANG_CXX_LANGUAGE_STANDARD = "gnu++20";
				CLANG_ENABLE_MODULES = YES;
				CLANG_ENABLE_OBJC_ARC = YES;
				CLANG_ENABLE_OBJC_WEAK = YES;
				CLANG_WARN_BLOCK_CAPTURE_AUTORELEASING = YES;
				CLANG_WARN_BOOL_CONVERSION = YES;
				CLANG_WARN_COMMA = YES;
				CLANG_WARN_CONSTANT_CONVERSION = YES;
				CLANG_WARN_DEPRECATED_OBJC_IMPLEMENTATIONS = YES;
				CLANG_WARN_DIRECT_OBJC_ISA_USAGE = YES_ERROR;
				CLANG_WARN_DOCUMENTATION_COMMENTS = YES;
				CLANG_WARN_EMPTY_BODY = YES;
				CLANG_WARN_ENUM_CONVERSION = YES;
				CLANG_WARN_INFINITE_RECURSION = YES;
				CLANG_WARN_INT_CONVERSION = YES;
				CLANG_WARN_NON_LITERAL_NULL_CONVERSION = YES;
				CLANG_WARN_OBJC_IMPLICIT_RETAIN_SELF = YES;
				CLANG_WARN_OBJC_LITERAL_CONVERSION = YES;
				CLANG_WARN_OBJC_ROOT_CLASS = YES_ERROR;
				CLANG_WARN_QUOTED_INCLUDE_IN_FRAMEWORK_HEADER = YES;
				CLANG_WARN_RANGE_LOOP_ANALYSIS = YES;
				CLANG_WARN_STRICT_PROTOTYPES = YES;
				CLANG_WARN_SUSPICIOUS_MOVE = YES;
				CLANG_WARN_UNGUARDED_AVAILABILITY = YES_AGGRESSIVE;
				CLANG_WARN_UNREACHABLE_CODE = YES;
				CLANG_WARN__DUPLICATE_METHOD_MATCH = YES;
				COPY_PHASE_STRIP = NO;
				DEBUG_INFORMATION_FORMAT = "dwarf-with-dsym";
				ENABLE_NS_ASSERTIONS = NO;
				ENABLE_STRICT_OBJC_MSGSEND = YES;
				GCC_C_LANGUAGE_STANDARD = gnu11;
				GCC_NO_COMMON_BLOCKS = YES;
				GCC_WARN_64_TO_32_BIT_CONVERSION = YES;
				GCC_WARN_ABOUT_RETURN_TYPE = YES_ERROR;
				GCC_WARN_UNDECLARED_SELECTOR = YES;
				GCC_WARN_UNINITIALIZED_AUTOS = YES_AGGRESSIVE;
				GCC_WARN_UNUSED_FUNCTION = YES;
				GCC_WARN_UNUSED_VARIABLE = YES;
				IPHONEOS_DEPLOYMENT_TARGET = 16.4;
				MTL_ENABLE_DEBUG_INFO = NO;
				MTL_FAST_MATH = YES;
				SDKROOT = iphoneos;
				SWIFT_COMPILATION_MODE = wholemodule;
				SWIFT_OPTIMIZATION_LEVEL = "-O";
				VALIDATE_PRODUCT = YES;
			};
			name = Release;
		};
		2DAC16842A285E4B00DC5812 /* Debug */ = {
			isa = XCBuildConfiguration;
			buildSettings = {
				ASSETCATALOG_COMPILER_APPICON_NAME = AppIcon;
				ASSETCATALOG_COMPILER_GLOBAL_ACCENT_COLOR_NAME = AccentColor;
				CODE_SIGN_STYLE = Automatic;
				CURRENT_PROJECT_VERSION = 1;
				DEVELOPMENT_TEAM = 7QF33WFQHC;
				GENERATE_INFOPLIST_FILE = YES;
				INFOPLIST_FILE = MVVMexample03/Info.plist;
				INFOPLIST_KEY_UIApplicationSupportsIndirectInputEvents = YES;
				INFOPLIST_KEY_UILaunchStoryboardName = LaunchScreen;
				INFOPLIST_KEY_UIMainStoryboardFile = Main;
				INFOPLIST_KEY_UISupportedInterfaceOrientations_iPad = "UIInterfaceOrientationPortrait UIInterfaceOrientationPortraitUpsideDown UIInterfaceOrientationLandscapeLeft UIInterfaceOrientationLandscapeRight";
				INFOPLIST_KEY_UISupportedInterfaceOrientations_iPhone = "UIInterfaceOrientationPortrait UIInterfaceOrientationLandscapeLeft UIInterfaceOrientationLandscapeRight";
				LD_RUNPATH_SEARCH_PATHS = (
					"$(inherited)",
					"@executable_path/Frameworks",
				);
				MARKETING_VERSION = 1.0;
				PRODUCT_BUNDLE_IDENTIFIER = HwangJiHyun.MVVMexample03;
				PRODUCT_NAME = "$(TARGET_NAME)";
				SWIFT_EMIT_LOC_STRINGS = YES;
				SWIFT_VERSION = 5.0;
				TARGETED_DEVICE_FAMILY = "1,2";
			};
			name = Debug;
		};
		2DAC16852A285E4B00DC5812 /* Release */ = {
			isa = XCBuildConfiguration;
			buildSettings = {
				ASSETCATALOG_COMPILER_APPICON_NAME = AppIcon;
				ASSETCATALOG_COMPILER_GLOBAL_ACCENT_COLOR_NAME = AccentColor;
				CODE_SIGN_STYLE = Automatic;
				CURRENT_PROJECT_VERSION = 1;
				DEVELOPMENT_TEAM = 7QF33WFQHC;
				GENERATE_INFOPLIST_FILE = YES;
				INFOPLIST_FILE = MVVMexample03/Info.plist;
				INFOPLIST_KEY_UIApplicationSupportsIndirectInputEvents = YES;
				INFOPLIST_KEY_UILaunchStoryboardName = LaunchScreen;
				INFOPLIST_KEY_UIMainStoryboardFile = Main;
				INFOPLIST_KEY_UISupportedInterfaceOrientations_iPad = "UIInterfaceOrientationPortrait UIInterfaceOrientationPortraitUpsideDown UIInterfaceOrientationLandscapeLeft UIInterfaceOrientationLandscapeRight";
				INFOPLIST_KEY_UISupportedInterfaceOrientations_iPhone = "UIInterfaceOrientationPortrait UIInterfaceOrientationLandscapeLeft UIInterfaceOrientationLandscapeRight";
				LD_RUNPATH_SEARCH_PATHS = (
					"$(inherited)",
					"@executable_path/Frameworks",
				);
				MARKETING_VERSION = 1.0;
				PRODUCT_BUNDLE_IDENTIFIER = HwangJiHyun.MVVMexample03;
				PRODUCT_NAME = "$(TARGET_NAME)";
				SWIFT_EMIT_LOC_STRINGS = YES;
				SWIFT_VERSION = 5.0;
				TARGETED_DEVICE_FAMILY = "1,2";
			};
			name = Release;
		};
/* End XCBuildConfiguration section */

/* Begin XCConfigurationList section */
		2DAC166A2A285E4900DC5812 /* Build configuration list for PBXProject "MVVMexample03" */ = {
			isa = XCConfigurationList;
			buildConfigurations = (
				2DAC16812A285E4B00DC5812 /* Debug */,
				2DAC16822A285E4B00DC5812 /* Release */,
			);
			defaultConfigurationIsVisible = 0;
			defaultConfigurationName = Release;
		};
		2DAC16832A285E4B00DC5812 /* Build configuration list for PBXNativeTarget "MVVMexample03" */ = {
			isa = XCConfigurationList;
			buildConfigurations = (
				2DAC16842A285E4B00DC5812 /* Debug */,
				2DAC16852A285E4B00DC5812 /* Release */,
			);
			defaultConfigurationIsVisible = 0;
			defaultConfigurationName = Release;
		};
/* End XCConfigurationList section */
	};
	rootObject = 2DAC16672A285E4900DC5812 /* Project object */;
}
