// !$*UTF8*$!
{
	archiveVersion = 1;
	classes = {
	};
	objectVersion = 56;
	objects = {

/* Begin PBXBuildFile section */
		2D8FDF6E2A3004AF0068A25A /* AppDelegate.swift in Sources */ = {isa = PBXBuildFile; fileRef = 2D8FDF6D2A3004AF0068A25A /* AppDelegate.swift */; };
		2D8FDF702A3004AF0068A25A /* SceneDelegate.swift in Sources */ = {isa = PBXBuildFile; fileRef = 2D8FDF6F2A3004AF0068A25A /* SceneDelegate.swift */; };
		2D8FDF752A3004AF0068A25A /* Main.storyboard in Resources */ = {isa = PBXBuildFile; fileRef = 2D8FDF732A3004AF0068A25A /* Main.storyboard */; };
		2D8FDF772A3004B00068A25A /* Assets.xcassets in Resources */ = {isa = PBXBuildFile; fileRef = 2D8FDF762A3004B00068A25A /* Assets.xcassets */; };
		2D8FDF7A2A3004B00068A25A /* LaunchScreen.storyboard in Resources */ = {isa = PBXBuildFile; fileRef = 2D8FDF782A3004B00068A25A /* LaunchScreen.storyboard */; };
		2D8FDF832A3004F00068A25A /* Webservice.swift in Sources */ = {isa = PBXBuildFile; fileRef = 2D8FDF822A3004F00068A25A /* Webservice.swift */; };
		2D8FDF862A3005530068A25A /* AddArticleViewModel.swift in Sources */ = {isa = PBXBuildFile; fileRef = 2D8FDF852A3005530068A25A /* AddArticleViewModel.swift */; };
		2D8FDF882A30055D0068A25A /* ArticleDetailViewModel.swift in Sources */ = {isa = PBXBuildFile; fileRef = 2D8FDF872A30055D0068A25A /* ArticleDetailViewModel.swift */; };
		2D8FDF8A2A3005680068A25A /* ArticleListViewModel.swift in Sources */ = {isa = PBXBuildFile; fileRef = 2D8FDF892A3005680068A25A /* ArticleListViewModel.swift */; };
		2D8FDF8C2A3005750068A25A /* ChangePasswordViewModel.swift in Sources */ = {isa = PBXBuildFile; fileRef = 2D8FDF8B2A3005750068A25A /* ChangePasswordViewModel.swift */; };
		2D8FDF902A30059B0068A25A /* Article.swift in Sources */ = {isa = PBXBuildFile; fileRef = 2D8FDF8F2A30059B0068A25A /* Article.swift */; };
		2D8FDF932A3005B70068A25A /* Extensions.swift in Sources */ = {isa = PBXBuildFile; fileRef = 2D8FDF922A3005B70068A25A /* Extensions.swift */; };
		2D8FDF962A3005D50068A25A /* BindingTextField.swift in Sources */ = {isa = PBXBuildFile; fileRef = 2D8FDF952A3005D50068A25A /* BindingTextField.swift */; };
		2D8FDF992A3005FC0068A25A /* AddArticleViewController.swift in Sources */ = {isa = PBXBuildFile; fileRef = 2D8FDF982A3005FC0068A25A /* AddArticleViewController.swift */; };
		2D8FDF9B2A30060A0068A25A /* ArticleDetailsViewController.swift in Sources */ = {isa = PBXBuildFile; fileRef = 2D8FDF9A2A30060A0068A25A /* ArticleDetailsViewController.swift */; };
		2D8FDF9D2A30062D0068A25A /* ArticleListTableViewController.swift in Sources */ = {isa = PBXBuildFile; fileRef = 2D8FDF9C2A30062D0068A25A /* ArticleListTableViewController.swift */; };
		2D8FDF9F2A3006430068A25A /* ChangePasswordTableViewController.swift in Sources */ = {isa = PBXBuildFile; fileRef = 2D8FDF9E2A3006430068A25A /* ChangePasswordTableViewController.swift */; };
		2D8FDFA22A3006600068A25A /* DynamicTypes.swift in Sources */ = {isa = PBXBuildFile; fileRef = 2D8FDFA12A3006600068A25A /* DynamicTypes.swift */; };
/* End PBXBuildFile section */

/* Begin PBXFileReference section */
		2D8FDF6A2A3004AF0068A25A /* MVVMexample05.app */ = {isa = PBXFileReference; explicitFileType = wrapper.application; includeInIndex = 0; path = MVVMexample05.app; sourceTree = BUILT_PRODUCTS_DIR; };
		2D8FDF6D2A3004AF0068A25A /* AppDelegate.swift */ = {isa = PBXFileReference; lastKnownFileType = sourcecode.swift; path = AppDelegate.swift; sourceTree = "<group>"; };
		2D8FDF6F2A3004AF0068A25A /* SceneDelegate.swift */ = {isa = PBXFileReference; lastKnownFileType = sourcecode.swift; path = SceneDelegate.swift; sourceTree = "<group>"; };
		2D8FDF742A3004AF0068A25A /* Base */ = {isa = PBXFileReference; lastKnownFileType = file.storyboard; name = Base; path = Base.lproj/Main.storyboard; sourceTree = "<group>"; };
		2D8FDF762A3004B00068A25A /* Assets.xcassets */ = {isa = PBXFileReference; lastKnownFileType = folder.assetcatalog; path = Assets.xcassets; sourceTree = "<group>"; };
		2D8FDF792A3004B00068A25A /* Base */ = {isa = PBXFileReference; lastKnownFileType = file.storyboard; name = Base; path = Base.lproj/LaunchScreen.storyboard; sourceTree = "<group>"; };
		2D8FDF7B2A3004B00068A25A /* Info.plist */ = {isa = PBXFileReference; lastKnownFileType = text.plist.xml; path = Info.plist; sourceTree = "<group>"; };
		2D8FDF822A3004F00068A25A /* Webservice.swift */ = {isa = PBXFileReference; lastKnownFileType = sourcecode.swift; path = Webservice.swift; sourceTree = "<group>"; };
		2D8FDF852A3005530068A25A /* AddArticleViewModel.swift */ = {isa = PBXFileReference; lastKnownFileType = sourcecode.swift; path = AddArticleViewModel.swift; sourceTree = "<group>"; };
		2D8FDF872A30055D0068A25A /* ArticleDetailViewModel.swift */ = {isa = PBXFileReference; lastKnownFileType = sourcecode.swift; path = ArticleDetailViewModel.swift; sourceTree = "<group>"; };
		2D8FDF892A3005680068A25A /* ArticleListViewModel.swift */ = {isa = PBXFileReference; lastKnownFileType = sourcecode.swift; path = ArticleListViewModel.swift; sourceTree = "<group>"; };
		2D8FDF8B2A3005750068A25A /* ChangePasswordViewModel.swift */ = {isa = PBXFileReference; lastKnownFileType = sourcecode.swift; path = ChangePasswordViewModel.swift; sourceTree = "<group>"; };
		2D8FDF8F2A30059B0068A25A /* Article.swift */ = {isa = PBXFileReference; lastKnownFileType = sourcecode.swift; path = Article.swift; sourceTree = "<group>"; };
		2D8FDF922A3005B70068A25A /* Extensions.swift */ = {isa = PBXFileReference; lastKnownFileType = sourcecode.swift; path = Extensions.swift; sourceTree = "<group>"; };
		2D8FDF952A3005D50068A25A /* BindingTextField.swift */ = {isa = PBXFileReference; lastKnownFileType = sourcecode.swift; path = BindingTextField.swift; sourceTree = "<group>"; };
		2D8FDF982A3005FC0068A25A /* AddArticleViewController.swift */ = {isa = PBXFileReference; lastKnownFileType = sourcecode.swift; path = AddArticleViewController.swift; sourceTree = "<group>"; };
		2D8FDF9A2A30060A0068A25A /* ArticleDetailsViewController.swift */ = {isa = PBXFileReference; lastKnownFileType = sourcecode.swift; path = ArticleDetailsViewController.swift; sourceTree = "<group>"; };
		2D8FDF9C2A30062D0068A25A /* ArticleListTableViewController.swift */ = {isa = PBXFileReference; lastKnownFileType = sourcecode.swift; path = ArticleListTableViewController.swift; sourceTree = "<group>"; };
		2D8FDF9E2A3006430068A25A /* ChangePasswordTableViewController.swift */ = {isa = PBXFileReference; lastKnownFileType = sourcecode.swift; path = ChangePasswordTableViewController.swift; sourceTree = "<group>"; };
		2D8FDFA12A3006600068A25A /* DynamicTypes.swift */ = {isa = PBXFileReference; lastKnownFileType = sourcecode.swift; path = DynamicTypes.swift; sourceTree = "<group>"; };
/* End PBXFileReference section */

/* Begin PBXFrameworksBuildPhase section */
		2D8FDF672A3004AF0068A25A /* Frameworks */ = {
			isa = PBXFrameworksBuildPhase;
			buildActionMask = 2147483647;
			files = (
			);
			runOnlyForDeploymentPostprocessing = 0;
		};
/* End PBXFrameworksBuildPhase section */

/* Begin PBXGroup section */
		2D8FDF612A3004AF0068A25A = {
			isa = PBXGroup;
			children = (
				2D8FDF6C2A3004AF0068A25A /* MVVMexample05 */,
				2D8FDF6B2A3004AF0068A25A /* Products */,
			);
			sourceTree = "<group>";
		};
		2D8FDF6B2A3004AF0068A25A /* Products */ = {
			isa = PBXGroup;
			children = (
				2D8FDF6A2A3004AF0068A25A /* MVVMexample05.app */,
			);
			name = Products;
			sourceTree = "<group>";
		};
		2D8FDF6C2A3004AF0068A25A /* MVVMexample05 */ = {
			isa = PBXGroup;
			children = (
				2D8FDFA02A30064F0068A25A /* Classes */,
				2D8FDF972A3005E20068A25A /* Controllers */,
				2D8FDF942A3005C10068A25A /* Controls */,
				2D8FDF912A3005A60068A25A /* Extensions */,
				2D8FDF8E2A30058F0068A25A /* Models */,
				2D8FDF842A30053F0068A25A /* View Models */,
				2D8FDF812A3004D80068A25A /* WebService */,
				2D8FDF6D2A3004AF0068A25A /* AppDelegate.swift */,
				2D8FDF6F2A3004AF0068A25A /* SceneDelegate.swift */,
				2D8FDF732A3004AF0068A25A /* Main.storyboard */,
				2D8FDF762A3004B00068A25A /* Assets.xcassets */,
				2D8FDF782A3004B00068A25A /* LaunchScreen.storyboard */,
				2D8FDF7B2A3004B00068A25A /* Info.plist */,
			);
			path = MVVMexample05;
			sourceTree = "<group>";
		};
		2D8FDF812A3004D80068A25A /* WebService */ = {
			isa = PBXGroup;
			children = (
				2D8FDF822A3004F00068A25A /* Webservice.swift */,
			);
			path = WebService;
			sourceTree = "<group>";
		};
		2D8FDF842A30053F0068A25A /* View Models */ = {
			isa = PBXGroup;
			children = (
				2D8FDF852A3005530068A25A /* AddArticleViewModel.swift */,
				2D8FDF872A30055D0068A25A /* ArticleDetailViewModel.swift */,
				2D8FDF892A3005680068A25A /* ArticleListViewModel.swift */,
				2D8FDF8B2A3005750068A25A /* ChangePasswordViewModel.swift */,
			);
			path = "View Models";
			sourceTree = "<group>";
		};
		2D8FDF8E2A30058F0068A25A /* Models */ = {
			isa = PBXGroup;
			children = (
				2D8FDF8F2A30059B0068A25A /* Article.swift */,
			);
			path = Models;
			sourceTree = "<group>";
		};
		2D8FDF912A3005A60068A25A /* Extensions */ = {
			isa = PBXGroup;
			children = (
				2D8FDF922A3005B70068A25A /* Extensions.swift */,
			);
			path = Extensions;
			sourceTree = "<group>";
		};
		2D8FDF942A3005C10068A25A /* Controls */ = {
			isa = PBXGroup;
			children = (
				2D8FDF952A3005D50068A25A /* BindingTextField.swift */,
			);
			path = Controls;
			sourceTree = "<group>";
		};
		2D8FDF972A3005E20068A25A /* Controllers */ = {
			isa = PBXGroup;
			children = (
				2D8FDF982A3005FC0068A25A /* AddArticleViewController.swift */,
				2D8FDF9A2A30060A0068A25A /* ArticleDetailsViewController.swift */,
				2D8FDF9C2A30062D0068A25A /* ArticleListTableViewController.swift */,
				2D8FDF9E2A3006430068A25A /* ChangePasswordTableViewController.swift */,
			);
			path = Controllers;
			sourceTree = "<group>";
		};
		2D8FDFA02A30064F0068A25A /* Classes */ = {
			isa = PBXGroup;
			children = (
				2D8FDFA12A3006600068A25A /* DynamicTypes.swift */,
			);
			path = Classes;
			sourceTree = "<group>";
		};
/* End PBXGroup section */

/* Begin PBXNativeTarget section */
		2D8FDF692A3004AF0068A25A /* MVVMexample05 */ = {
			isa = PBXNativeTarget;
			buildConfigurationList = 2D8FDF7E2A3004B00068A25A /* Build configuration list for PBXNativeTarget "MVVMexample05" */;
			buildPhases = (
				2D8FDF662A3004AF0068A25A /* Sources */,
				2D8FDF672A3004AF0068A25A /* Frameworks */,
				2D8FDF682A3004AF0068A25A /* Resources */,
			);
			buildRules = (
			);
			dependencies = (
			);
			name = MVVMexample05;
			productName = MVVMexample05;
			productReference = 2D8FDF6A2A3004AF0068A25A /* MVVMexample05.app */;
			productType = "com.apple.product-type.application";
		};
/* End PBXNativeTarget section */

/* Begin PBXProject section */
		2D8FDF622A3004AF0068A25A /* Project object */ = {
			isa = PBXProject;
			attributes = {
				BuildIndependentTargetsInParallel = 1;
				LastSwiftUpdateCheck = 1430;
				LastUpgradeCheck = 1430;
				TargetAttributes = {
					2D8FDF692A3004AF0068A25A = {
						CreatedOnToolsVersion = 14.3.1;
					};
				};
			};
			buildConfigurationList = 2D8FDF652A3004AF0068A25A /* Build configuration list for PBXProject "MVVMexample05" */;
			compatibilityVersion = "Xcode 14.0";
			developmentRegion = en;
			hasScannedForEncodings = 0;
			knownRegions = (
				en,
				Base,
			);
			mainGroup = 2D8FDF612A3004AF0068A25A;
			productRefGroup = 2D8FDF6B2A3004AF0068A25A /* Products */;
			projectDirPath = "";
			projectRoot = "";
			targets = (
				2D8FDF692A3004AF0068A25A /* MVVMexample05 */,
			);
		};
/* End PBXProject section */

/* Begin PBXResourcesBuildPhase section */
		2D8FDF682A3004AF0068A25A /* Resources */ = {
			isa = PBXResourcesBuildPhase;
			buildActionMask = 2147483647;
			files = (
				2D8FDF7A2A3004B00068A25A /* LaunchScreen.storyboard in Resources */,
				2D8FDF772A3004B00068A25A /* Assets.xcassets in Resources */,
				2D8FDF752A3004AF0068A25A /* Main.storyboard in Resources */,
			);
			runOnlyForDeploymentPostprocessing = 0;
		};
/* End PBXResourcesBuildPhase section */

/* Begin PBXSourcesBuildPhase section */
		2D8FDF662A3004AF0068A25A /* Sources */ = {
			isa = PBXSourcesBuildPhase;
			buildActionMask = 2147483647;
			files = (
				2D8FDF862A3005530068A25A /* AddArticleViewModel.swift in Sources */,
				2D8FDF902A30059B0068A25A /* Article.swift in Sources */,
				2D8FDF9B2A30060A0068A25A /* ArticleDetailsViewController.swift in Sources */,
				2D8FDF882A30055D0068A25A /* ArticleDetailViewModel.swift in Sources */,
				2D8FDF6E2A3004AF0068A25A /* AppDelegate.swift in Sources */,
				2D8FDF992A3005FC0068A25A /* AddArticleViewController.swift in Sources */,
				2D8FDFA22A3006600068A25A /* DynamicTypes.swift in Sources */,
				2D8FDF932A3005B70068A25A /* Extensions.swift in Sources */,
				2D8FDF832A3004F00068A25A /* Webservice.swift in Sources */,
				2D8FDF8C2A3005750068A25A /* ChangePasswordViewModel.swift in Sources */,
				2D8FDF9D2A30062D0068A25A /* ArticleListTableViewController.swift in Sources */,
				2D8FDF962A3005D50068A25A /* BindingTextField.swift in Sources */,
				2D8FDF702A3004AF0068A25A /* SceneDelegate.swift in Sources */,
				2D8FDF8A2A3005680068A25A /* ArticleListViewModel.swift in Sources */,
				2D8FDF9F2A3006430068A25A /* ChangePasswordTableViewController.swift in Sources */,
			);
			runOnlyForDeploymentPostprocessing = 0;
		};
/* End PBXSourcesBuildPhase section */

/* Begin PBXVariantGroup section */
		2D8FDF732A3004AF0068A25A /* Main.storyboard */ = {
			isa = PBXVariantGroup;
			children = (
				2D8FDF742A3004AF0068A25A /* Base */,
			);
			name = Main.storyboard;
			sourceTree = "<group>";
		};
		2D8FDF782A3004B00068A25A /* LaunchScreen.storyboard */ = {
			isa = PBXVariantGroup;
			children = (
				2D8FDF792A3004B00068A25A /* Base */,
			);
			name = LaunchScreen.storyboard;
			sourceTree = "<group>";
		};
/* End PBXVariantGroup section */

/* Begin XCBuildConfiguration section */
		2D8FDF7C2A3004B00068A25A /* Debug */ = {
			isa = XCBuildConfiguration;
			buildSettings = {
				ALWAYS_SEARCH_USER_PATHS = NO;
				CLANG_ANALYZER_NONNULL = YES;
				CLANG_ANALYZER_NUMBER_OBJECT_CONVERSION = YES_AGGRESSIVE;
				CLANG_CXX_LANGUAGE_STANDARD = "gnu++20";
				CLANG_ENABLE_MODULES = YES;
				CLANG_ENABLE_OBJC_ARC = YES;
				CLANG_ENABLE_OBJC_WEAK = YES;
				CLANG_WARN_BLOCK_CAPTURE_AUTORELEASING = YES;
				CLANG_WARN_BOOL_CONVERSION = YES;
				CLANG_WARN_COMMA = YES;
				CLANG_WARN_CONSTANT_CONVERSION = YES;
				CLANG_WARN_DEPRECATED_OBJC_IMPLEMENTATIONS = YES;
				CLANG_WARN_DIRECT_OBJC_ISA_USAGE = YES_ERROR;
				CLANG_WARN_DOCUMENTATION_COMMENTS = YES;
				CLANG_WARN_EMPTY_BODY = YES;
				CLANG_WARN_ENUM_CONVERSION = YES;
				CLANG_WARN_INFINITE_RECURSION = YES;
				CLANG_WARN_INT_CONVERSION = YES;
				CLANG_WARN_NON_LITERAL_NULL_CONVERSION = YES;
				CLANG_WARN_OBJC_IMPLICIT_RETAIN_SELF = YES;
				CLANG_WARN_OBJC_LITERAL_CONVERSION = YES;
				CLANG_WARN_OBJC_ROOT_CLASS = YES_ERROR;
				CLANG_WARN_QUOTED_INCLUDE_IN_FRAMEWORK_HEADER = YES;
				CLANG_WARN_RANGE_LOOP_ANALYSIS = YES;
				CLANG_WARN_STRICT_PROTOTYPES = YES;
				CLANG_WARN_SUSPICIOUS_MOVE = YES;
				CLANG_WARN_UNGUARDED_AVAILABILITY = YES_AGGRESSIVE;
				CLANG_WARN_UNREACHABLE_CODE = YES;
				CLANG_WARN__DUPLICATE_METHOD_MATCH = YES;
				COPY_PHASE_STRIP = NO;
				DEBUG_INFORMATION_FORMAT = dwarf;
				ENABLE_STRICT_OBJC_MSGSEND = YES;
				ENABLE_TESTABILITY = YES;
				GCC_C_LANGUAGE_STANDARD = gnu11;
				GCC_DYNAMIC_NO_PIC = NO;
				GCC_NO_COMMON_BLOCKS = YES;
				GCC_OPTIMIZATION_LEVEL = 0;
				GCC_PREPROCESSOR_DEFINITIONS = (
					"DEBUG=1",
					"$(inherited)",
				);
				GCC_WARN_64_TO_32_BIT_CONVERSION = YES;
				GCC_WARN_ABOUT_RETURN_TYPE = YES_ERROR;
				GCC_WARN_UNDECLARED_SELECTOR = YES;
				GCC_WARN_UNINITIALIZED_AUTOS = YES_AGGRESSIVE;
				GCC_WARN_UNUSED_FUNCTION = YES;
				GCC_WARN_UNUSED_VARIABLE = YES;
				IPHONEOS_DEPLOYMENT_TARGET = 16.4;
				MTL_ENABLE_DEBUG_INFO = INCLUDE_SOURCE;
				MTL_FAST_MATH = YES;
				ONLY_ACTIVE_ARCH = YES;
				SDKROOT = iphoneos;
				SWIFT_ACTIVE_COMPILATION_CONDITIONS = DEBUG;
				SWIFT_OPTIMIZATION_LEVEL = "-Onone";
			};
			name = Debug;
		};
		2D8FDF7D2A3004B00068A25A /* Release */ = {
			isa = XCBuildConfiguration;
			buildSettings = {
				ALWAYS_SEARCH_USER_PATHS = NO;
				CLANG_ANALYZER_NONNULL = YES;
				CLANG_ANALYZER_NUMBER_OBJECT_CONVERSION = YES_AGGRESSIVE;
				CLANG_CXX_LANGUAGE_STANDARD = "gnu++20";
				CLANG_ENABLE_MODULES = YES;
				CLANG_ENABLE_OBJC_ARC = YES;
				CLANG_ENABLE_OBJC_WEAK = YES;
				CLANG_WARN_BLOCK_CAPTURE_AUTORELEASING = YES;
				CLANG_WARN_BOOL_CONVERSION = YES;
				CLANG_WARN_COMMA = YES;
				CLANG_WARN_CONSTANT_CONVERSION = YES;
				CLANG_WARN_DEPRECATED_OBJC_IMPLEMENTATIONS = YES;
				CLANG_WARN_DIRECT_OBJC_ISA_USAGE = YES_ERROR;
				CLANG_WARN_DOCUMENTATION_COMMENTS = YES;
				CLANG_WARN_EMPTY_BODY = YES;
				CLANG_WARN_ENUM_CONVERSION = YES;
				CLANG_WARN_INFINITE_RECURSION = YES;
				CLANG_WARN_INT_CONVERSION = YES;
				CLANG_WARN_NON_LITERAL_NULL_CONVERSION = YES;
				CLANG_WARN_OBJC_IMPLICIT_RETAIN_SELF = YES;
				CLANG_WARN_OBJC_LITERAL_CONVERSION = YES;
				CLANG_WARN_OBJC_ROOT_CLASS = YES_ERROR;
				CLANG_WARN_QUOTED_INCLUDE_IN_FRAMEWORK_HEADER = YES;
				CLANG_WARN_RANGE_LOOP_ANALYSIS = YES;
				CLANG_WARN_STRICT_PROTOTYPES = YES;
				CLANG_WARN_SUSPICIOUS_MOVE = YES;
				CLANG_WARN_UNGUARDED_AVAILABILITY = YES_AGGRESSIVE;
				CLANG_WARN_UNREACHABLE_CODE = YES;
				CLANG_WARN__DUPLICATE_METHOD_MATCH = YES;
				COPY_PHASE_STRIP = NO;
				DEBUG_INFORMATION_FORMAT = "dwarf-with-dsym";
				ENABLE_NS_ASSERTIONS = NO;
				ENABLE_STRICT_OBJC_MSGSEND = YES;
				GCC_C_LANGUAGE_STANDARD = gnu11;
				GCC_NO_COMMON_BLOCKS = YES;
				GCC_WARN_64_TO_32_BIT_CONVERSION = YES;
				GCC_WARN_ABOUT_RETURN_TYPE = YES_ERROR;
				GCC_WARN_UNDECLARED_SELECTOR = YES;
				GCC_WARN_UNINITIALIZED_AUTOS = YES_AGGRESSIVE;
				GCC_WARN_UNUSED_FUNCTION = YES;
				GCC_WARN_UNUSED_VARIABLE = YES;
				IPHONEOS_DEPLOYMENT_TARGET = 16.4;
				MTL_ENABLE_DEBUG_INFO = NO;
				MTL_FAST_MATH = YES;
				SDKROOT = iphoneos;
				SWIFT_COMPILATION_MODE = wholemodule;
				SWIFT_OPTIMIZATION_LEVEL = "-O";
				VALIDATE_PRODUCT = YES;
			};
			name = Release;
		};
		2D8FDF7F2A3004B00068A25A /* Debug */ = {
			isa = XCBuildConfiguration;
			buildSettings = {
				ASSETCATALOG_COMPILER_APPICON_NAME = AppIcon;
				ASSETCATALOG_COMPILER_GLOBAL_ACCENT_COLOR_NAME = AccentColor;
				CODE_SIGN_STYLE = Automatic;
				CURRENT_PROJECT_VERSION = 1;
				DEVELOPMENT_TEAM = 7QF33WFQHC;
				GENERATE_INFOPLIST_FILE = YES;
				INFOPLIST_FILE = MVVMexample05/Info.plist;
				INFOPLIST_KEY_UIApplicationSupportsIndirectInputEvents = YES;
				INFOPLIST_KEY_UILaunchStoryboardName = LaunchScreen;
				INFOPLIST_KEY_UIMainStoryboardFile = Main;
				INFOPLIST_KEY_UISupportedInterfaceOrientations_iPad = "UIInterfaceOrientationPortrait UIInterfaceOrientationPortraitUpsideDown UIInterfaceOrientationLandscapeLeft UIInterfaceOrientationLandscapeRight";
				INFOPLIST_KEY_UISupportedInterfaceOrientations_iPhone = "UIInterfaceOrientationPortrait UIInterfaceOrientationLandscapeLeft UIInterfaceOrientationLandscapeRight";
				LD_RUNPATH_SEARCH_PATHS = (
					"$(inherited)",
					"@executable_path/Frameworks",
				);
				MARKETING_VERSION = 1.0;
				PRODUCT_BUNDLE_IDENTIFIER = HwangJiHyun.MVVMexample05;
				PRODUCT_NAME = "$(TARGET_NAME)";
				SWIFT_EMIT_LOC_STRINGS = YES;
				SWIFT_VERSION = 5.0;
				TARGETED_DEVICE_FAMILY = "1,2";
			};
			name = Debug;
		};
		2D8FDF802A3004B00068A25A /* Release */ = {
			isa = XCBuildConfiguration;
			buildSettings = {
				ASSETCATALOG_COMPILER_APPICON_NAME = AppIcon;
				ASSETCATALOG_COMPILER_GLOBAL_ACCENT_COLOR_NAME = AccentColor;
				CODE_SIGN_STYLE = Automatic;
				CURRENT_PROJECT_VERSION = 1;
				DEVELOPMENT_TEAM = 7QF33WFQHC;
				GENERATE_INFOPLIST_FILE = YES;
				INFOPLIST_FILE = MVVMexample05/Info.plist;
				INFOPLIST_KEY_UIApplicationSupportsIndirectInputEvents = YES;
				INFOPLIST_KEY_UILaunchStoryboardName = LaunchScreen;
				INFOPLIST_KEY_UIMainStoryboardFile = Main;
				INFOPLIST_KEY_UISupportedInterfaceOrientations_iPad = "UIInterfaceOrientationPortrait UIInterfaceOrientationPortraitUpsideDown UIInterfaceOrientationLandscapeLeft UIInterfaceOrientationLandscapeRight";
				INFOPLIST_KEY_UISupportedInterfaceOrientations_iPhone = "UIInterfaceOrientationPortrait UIInterfaceOrientationLandscapeLeft UIInterfaceOrientationLandscapeRight";
				LD_RUNPATH_SEARCH_PATHS = (
					"$(inherited)",
					"@executable_path/Frameworks",
				);
				MARKETING_VERSION = 1.0;
				PRODUCT_BUNDLE_IDENTIFIER = HwangJiHyun.MVVMexample05;
				PRODUCT_NAME = "$(TARGET_NAME)";
				SWIFT_EMIT_LOC_STRINGS = YES;
				SWIFT_VERSION = 5.0;
				TARGETED_DEVICE_FAMILY = "1,2";
			};
			name = Release;
		};
/* End XCBuildConfiguration section */

/* Begin XCConfigurationList section */
		2D8FDF652A3004AF0068A25A /* Build configuration list for PBXProject "MVVMexample05" */ = {
			isa = XCConfigurationList;
			buildConfigurations = (
				2D8FDF7C2A3004B00068A25A /* Debug */,
				2D8FDF7D2A3004B00068A25A /* Release */,
			);
			defaultConfigurationIsVisible = 0;
			defaultConfigurationName = Release;
		};
		2D8FDF7E2A3004B00068A25A /* Build configuration list for PBXNativeTarget "MVVMexample05" */ = {
			isa = XCConfigurationList;
			buildConfigurations = (
				2D8FDF7F2A3004B00068A25A /* Debug */,
				2D8FDF802A3004B00068A25A /* Release */,
			);
			defaultConfigurationIsVisible = 0;
			defaultConfigurationName = Release;
		};
/* End XCConfigurationList section */
	};
	rootObject = 2D8FDF622A3004AF0068A25A /* Project object */;
}
